
Microsoft Visual Studio Solution File, Format Version 12.00
# Visual Studio Version 17
VisualStudioVersion = 17.5.33530.505
MinimumVisualStudioVersion = 10.0.40219.1
Project("{9A19103F-16F7-4668-BE54-9A1E7A4F7556}") = "Quiz Show", "Quiz Show.csproj", "{DDF45D60-3E14-4DC9-A8CE-4E3DA37B93AA}"
EndProject
Global
	GlobalSection(SolutionConfigurationPlatforms) = preSolution
		Debug|Any CPU = Debug|Any CPU
		Release|Any CPU = Release|Any CPU
	EndGlobalSection
	GlobalSection(ProjectConfigurationPlatforms) = postSolution
		{DDF45D60-3E14-4DC9-A8CE-4E3DA37B93AA}.Debug|Any CPU.ActiveCfg = Debug|Any CPU
		{DDF45D60-3E14-4DC9-A8CE-4E3DA37B93AA}.Debug|Any CPU.Build.0 = Debug|Any CPU
		{DDF45D60-3E14-4DC9-A8CE-4E3DA37B93AA}.Release|Any CPU.ActiveCfg = Release|Any CPU
		{DDF45D60-3E14-4DC9-A8CE-4E3DA37B93AA}.Release|Any CPU.Build.0 = Release|Any CPU
	EndGlobalSection
	GlobalSection(SolutionProperties) = preSolution
		HideSolutionNode = FALSE
	EndGlobalSection
	GlobalSection(ExtensibilityGlobals) = postSolution
		SolutionGuid = {0F6C3296-F2EF-4057-BEE6-B52E43004661}
	EndGlobalSection
EndGlobal
